
Microsoft Visual Studio Solution File, Format Version 12.00
# Visual Studio 15
VisualStudioVersion = 15.0.26124.0
MinimumVisualStudioVersion = 15.0.26124.0
Project("{FAE04EC0-301F-11D3-BF4B-00C04F79EFBC}") = "API", "API\API.csproj", "{3D6EE376-8C35-493B-A20E-283DDD9D6B8A}"
EndProject
Project("{FAE04EC0-301F-11D3-BF4B-00C04F79EFBC}") = "Infrastructure", "Infrastructure\Infrastructure.csproj", "{16CC265E-C292-495F-A587-E6B636375C71}"
EndProject
Project("{FAE04EC0-301F-11D3-BF4B-00C04F79EFBC}") = "Core", "Core\Core.csproj", "{95B5B23D-88FB-4EDA-89E8-9B41731503B0}"
EndProject
Global
	GlobalSection(SolutionConfigurationPlatforms) = preSolution
		Debug|Any CPU = Debug|Any CPU
		Debug|x64 = Debug|x64
		Debug|x86 = Debug|x86
		Release|Any CPU = Release|Any CPU
		Release|x64 = Release|x64
		Release|x86 = Release|x86
	EndGlobalSection
	GlobalSection(SolutionProperties) = preSolution
		HideSolutionNode = FALSE
	EndGlobalSection
	GlobalSection(ProjectConfigurationPlatforms) = postSolution
		{3D6EE376-8C35-493B-A20E-283DDD9D6B8A}.Debug|Any CPU.ActiveCfg = Debug|Any CPU
		{3D6EE376-8C35-493B-A20E-283DDD9D6B8A}.Debug|Any CPU.Build.0 = Debug|Any CPU
		{3D6EE376-8C35-493B-A20E-283DDD9D6B8A}.Debug|x64.ActiveCfg = Debug|Any CPU
		{3D6EE376-8C35-493B-A20E-283DDD9D6B8A}.Debug|x64.Build.0 = Debug|Any CPU
		{3D6EE376-8C35-493B-A20E-283DDD9D6B8A}.Debug|x86.ActiveCfg = Debug|Any CPU
		{3D6EE376-8C35-493B-A20E-283DDD9D6B8A}.Debug|x86.Build.0 = Debug|Any CPU
		{3D6EE376-8C35-493B-A20E-283DDD9D6B8A}.Release|Any CPU.ActiveCfg = Release|Any CPU
		{3D6EE376-8C35-493B-A20E-283DDD9D6B8A}.Release|Any CPU.Build.0 = Release|Any CPU
		{3D6EE376-8C35-493B-A20E-283DDD9D6B8A}.Release|x64.ActiveCfg = Release|Any CPU
		{3D6EE376-8C35-493B-A20E-283DDD9D6B8A}.Release|x64.Build.0 = Release|Any CPU
		{3D6EE376-8C35-493B-A20E-283DDD9D6B8A}.Release|x86.ActiveCfg = Release|Any CPU
		{3D6EE376-8C35-493B-A20E-283DDD9D6B8A}.Release|x86.Build.0 = Release|Any CPU
		{16CC265E-C292-495F-A587-E6B636375C71}.Debug|Any CPU.ActiveCfg = Debug|Any CPU
		{16CC265E-C292-495F-A587-E6B636375C71}.Debug|Any CPU.Build.0 = Debug|Any CPU
		{16CC265E-C292-495F-A587-E6B636375C71}.Debug|x64.ActiveCfg = Debug|Any CPU
		{16CC265E-C292-495F-A587-E6B636375C71}.Debug|x64.Build.0 = Debug|Any CPU
		{16CC265E-C292-495F-A587-E6B636375C71}.Debug|x86.ActiveCfg = Debug|Any CPU
		{16CC265E-C292-495F-A587-E6B636375C71}.Debug|x86.Build.0 = Debug|Any CPU
		{16CC265E-C292-495F-A587-E6B636375C71}.Release|Any CPU.ActiveCfg = Release|Any CPU
		{16CC265E-C292-495F-A587-E6B636375C71}.Release|Any CPU.Build.0 = Release|Any CPU
		{16CC265E-C292-495F-A587-E6B636375C71}.Release|x64.ActiveCfg = Release|Any CPU
		{16CC265E-C292-495F-A587-E6B636375C71}.Release|x64.Build.0 = Release|Any CPU
		{16CC265E-C292-495F-A587-E6B636375C71}.Release|x86.ActiveCfg = Release|Any CPU
		{16CC265E-C292-495F-A587-E6B636375C71}.Release|x86.Build.0 = Release|Any CPU
		{95B5B23D-88FB-4EDA-89E8-9B41731503B0}.Debug|Any CPU.ActiveCfg = Debug|Any CPU
		{95B5B23D-88FB-4EDA-89E8-9B41731503B0}.Debug|Any CPU.Build.0 = Debug|Any CPU
		{95B5B23D-88FB-4EDA-89E8-9B41731503B0}.Debug|x64.ActiveCfg = Debug|Any CPU
		{95B5B23D-88FB-4EDA-89E8-9B41731503B0}.Debug|x64.Build.0 = Debug|Any CPU
		{95B5B23D-88FB-4EDA-89E8-9B41731503B0}.Debug|x86.ActiveCfg = Debug|Any CPU
		{95B5B23D-88FB-4EDA-89E8-9B41731503B0}.Debug|x86.Build.0 = Debug|Any CPU
		{95B5B23D-88FB-4EDA-89E8-9B41731503B0}.Release|Any CPU.ActiveCfg = Release|Any CPU
		{95B5B23D-88FB-4EDA-89E8-9B41731503B0}.Release|Any CPU.Build.0 = Release|Any CPU
		{95B5B23D-88FB-4EDA-89E8-9B41731503B0}.Release|x64.ActiveCfg = Release|Any CPU
		{95B5B23D-88FB-4EDA-89E8-9B41731503B0}.Release|x64.Build.0 = Release|Any CPU
		{95B5B23D-88FB-4EDA-89E8-9B41731503B0}.Release|x86.ActiveCfg = Release|Any CPU
		{95B5B23D-88FB-4EDA-89E8-9B41731503B0}.Release|x86.Build.0 = Release|Any CPU
	EndGlobalSection
EndGlobal
